// !$*UTF8*$!
{
	archiveVersion = 1;
	classes = {
	};
	objectVersion = 46;
	objects = {

/* Begin PBXBuildFile section */
		B3F9D0891CB93F15006CA960 /* AppDelegate.swift in Sources */ = {isa = PBXBuildFile; fileRef = B3F9D0881CB93F15006CA960 /* AppDelegate.swift */; };
		B3F9D08B1CB93F15006CA960 /* ViewController.swift in Sources */ = {isa = PBXBuildFile; fileRef = B3F9D08A1CB93F15006CA960 /* ViewController.swift */; };
		B3F9D08E1CB93F15006CA960 /* Main.storyboard in Resources */ = {isa = PBXBuildFile; fileRef = B3F9D08C1CB93F15006CA960 /* Main.storyboard */; };
		B3F9D0901CB93F15006CA960 /* Assets.xcassets in Resources */ = {isa = PBXBuildFile; fileRef = B3F9D08F1CB93F15006CA960 /* Assets.xcassets */; };
		B3F9D0931CB93F15006CA960 /* LaunchScreen.storyboard in Resources */ = {isa = PBXBuildFile; fileRef = B3F9D0911CB93F15006CA960 /* LaunchScreen.storyboard */; };
		B3F9D09E1CB93F15006CA960 /* ViewControllersDemoTests.swift in Sources */ = {isa = PBXBuildFile; fileRef = B3F9D09D1CB93F15006CA960 /* ViewControllersDemoTests.swift */; };
/* End PBXBuildFile section */

/* Begin PBXContainerItemProxy section */
		B3F9D09A1CB93F15006CA960 /* PBXContainerItemProxy */ = {
			isa = PBXContainerItemProxy;
			containerPortal = B3F9D07D1CB93F15006CA960 /* Project object */;
			proxyType = 1;
			remoteGlobalIDString = B3F9D0841CB93F15006CA960;
			remoteInfo = ViewControllersDemo;
		};
/* End PBXContainerItemProxy section */

/* Begin PBXFileReference section */
		B3F9D0851CB93F15006CA960 /* ViewControllersDemo.app */ = {isa = PBXFileReference; explicitFileType = wrapper.application; includeInIndex = 0; path = ViewControllersDemo.app; sourceTree = BUILT_PRODUCTS_DIR; };
		B3F9D0881CB93F15006CA960 /* AppDelegate.swift */ = {isa = PBXFileReference; lastKnownFileType = sourcecode.swift; path = AppDelegate.swift; sourceTree = "<group>"; };
		B3F9D08A1CB93F15006CA960 /* ViewController.swift */ = {isa = PBXFileReference; lastKnownFileType = sourcecode.swift; path = ViewController.swift; sourceTree = "<group>"; };
		B3F9D08D1CB93F15006CA960 /* Base */ = {isa = PBXFileReference; lastKnownFileType = file.storyboard; name = Base; path = Base.lproj/Main.storyboard; sourceTree = "<group>"; };
		B3F9D08F1CB93F15006CA960 /* Assets.xcassets */ = {isa = PBXFileReference; lastKnownFileType = folder.assetcatalog; path = Assets.xcassets; sourceTree = "<group>"; };
		B3F9D0921CB93F15006CA960 /* Base */ = {isa = PBXFileReference; lastKnownFileType = file.storyboard; name = Base; path = Base.lproj/LaunchScreen.storyboard; sourceTree = "<group>"; };
		B3F9D0941CB93F15006CA960 /* Info.plist */ = {isa = PBXFileReference; lastKnownFileType = text.plist.xml; path = Info.plist; sourceTree = "<group>"; };
		B3F9D0991CB93F15006CA960 /* ViewControllersDemoTests.xctest */ = {isa = PBXFileReference; explicitFileType = wrapper.cfbundle; includeInIndex = 0; path = ViewControllersDemoTests.xctest; sourceTree = BUILT_PRODUCTS_DIR; };
		B3F9D09D1CB93F15006CA960 /* ViewControllersDemoTests.swift */ = {isa = PBXFileReference; lastKnownFileType = sourcecode.swift; path = ViewControllersDemoTests.swift; sourceTree = "<group>"; };
		B3F9D09F1CB93F15006CA960 /* Info.plist */ = {isa = PBXFileReference; lastKnownFileType = text.plist.xml; path = Info.plist; sourceTree = "<group>"; };
/* End PBXFileReference section */

/* Begin PBXFrameworksBuildPhase section */
		B3F9D0821CB93F15006CA960 /* Frameworks */ = {
			isa = PBXFrameworksBuildPhase;
			buildActionMask = 2147483647;
			files = (
			);
			runOnlyForDeploymentPostprocessing = 0;
		};
		B3F9D0961CB93F15006CA960 /* Frameworks */ = {
			isa = PBXFrameworksBuildPhase;
			buildActionMask = 2147483647;
			files = (
			);
			runOnlyForDeploymentPostprocessing = 0;
		};
/* End PBXFrameworksBuildPhase section */

/* Begin PBXGroup section */
		B3F9D07C1CB93F15006CA960 = {
			isa = PBXGroup;
			children = (
				B3F9D0871CB93F15006CA960 /* ViewControllersDemo */,
				B3F9D09C1CB93F15006CA960 /* ViewControllersDemoTests */,
				B3F9D0861CB93F15006CA960 /* Products */,
			);
			sourceTree = "<group>";
		};
		B3F9D0861CB93F15006CA960 /* Products */ = {
			isa = PBXGroup;
			children = (
				B3F9D0851CB93F15006CA960 /* ViewControllersDemo.app */,
				B3F9D0991CB93F15006CA960 /* ViewControllersDemoTests.xctest */,
			);
			name = Products;
			sourceTree = "<group>";
		};
		B3F9D0871CB93F15006CA960 /* ViewControllersDemo */ = {
			isa = PBXGroup;
			children = (
				B3F9D0881CB93F15006CA960 /* AppDelegate.swift */,
				B3F9D08A1CB93F15006CA960 /* ViewController.swift */,
				B3F9D08C1CB93F15006CA960 /* Main.storyboard */,
				B3F9D08F1CB93F15006CA960 /* Assets.xcassets */,
				B3F9D0911CB93F15006CA960 /* LaunchScreen.storyboard */,
				B3F9D0941CB93F15006CA960 /* Info.plist */,
			);
			path = ViewControllersDemo;
			sourceTree = "<group>";
		};
		B3F9D09C1CB93F15006CA960 /* ViewControllersDemoTests */ = {
			isa = PBXGroup;
			children = (
				B3F9D09D1CB93F15006CA960 /* ViewControllersDemoTests.swift */,
				B3F9D09F1CB93F15006CA960 /* Info.plist */,
			);
			path = ViewControllersDemoTests;
			sourceTree = "<group>";
		};
/* End PBXGroup section */

/* Begin PBXNativeTarget section */
		B3F9D0841CB93F15006CA960 /* ViewControllersDemo */ = {
			isa = PBXNativeTarget;
			buildConfigurationList = B3F9D0A21CB93F15006CA960 /* Build configuration list for PBXNativeTarget "ViewControllersDemo" */;
			buildPhases = (
				B3F9D0811CB93F15006CA960 /* Sources */,
				B3F9D0821CB93F15006CA960 /* Frameworks */,
				B3F9D0831CB93F15006CA960 /* Resources */,
			);
			buildRules = (
			);
			dependencies = (
			);
			name = ViewControllersDemo;
			productName = ViewControllersDemo;
			productReference = B3F9D0851CB93F15006CA960 /* ViewControllersDemo.app */;
			productType = "com.apple.product-type.application";
		};
		B3F9D0981CB93F15006CA960 /* ViewControllersDemoTests */ = {
			isa = PBXNativeTarget;
			buildConfigurationList = B3F9D0A51CB93F15006CA960 /* Build configuration list for PBXNativeTarget "ViewControllersDemoTests" */;
			buildPhases = (
				B3F9D0951CB93F15006CA960 /* Sources */,
				B3F9D0961CB93F15006CA960 /* Frameworks */,
				B3F9D0971CB93F15006CA960 /* Resources */,
			);
			buildRules = (
			);
			dependencies = (
				B3F9D09B1CB93F15006CA960 /* PBXTargetDependency */,
			);
			name = ViewControllersDemoTests;
			productName = ViewControllersDemoTests;
			productReference = B3F9D0991CB93F15006CA960 /* ViewControllersDemoTests.xctest */;
			productType = "com.apple.product-type.bundle.unit-test";
		};
/* End PBXNativeTarget section */

/* Begin PBXProject section */
		B3F9D07D1CB93F15006CA960 /* Project object */ = {
			isa = PBXProject;
			attributes = {
				LastSwiftUpdateCheck = 0730;
				LastUpgradeCheck = 0730;
				ORGANIZATIONNAME = "Slawomir Sowinski";
				TargetAttributes = {
					B3F9D0841CB93F15006CA960 = {
						CreatedOnToolsVersion = 7.3;
						DevelopmentTeam = L2G8Z3L5L6;
					};
					B3F9D0981CB93F15006CA960 = {
						CreatedOnToolsVersion = 7.3;
						DevelopmentTeam = L2G8Z3L5L6;
						TestTargetID = B3F9D0841CB93F15006CA960;
					};
				};
			};
			buildConfigurationList = B3F9D0801CB93F15006CA960 /* Build configuration list for PBXProject "ViewControllersDemo" */;
			compatibilityVersion = "Xcode 3.2";
			developmentRegion = English;
			hasScannedForEncodings = 0;
			knownRegions = (
				en,
				Base,
			);
			mainGroup = B3F9D07C1CB93F15006CA960;
			productRefGroup = B3F9D0861CB93F15006CA960 /* Products */;
			projectDirPath = "";
			projectRoot = "";
			targets = (
				B3F9D0841CB93F15006CA960 /* ViewControllersDemo */,
				B3F9D0981CB93F15006CA960 /* ViewControllersDemoTests */,
			);
		};
/* End PBXProject section */

/* Begin PBXResourcesBuildPhase section */
		B3F9D0831CB93F15006CA960 /* Resources */ = {
			isa = PBXResourcesBuildPhase;
			buildActionMask = 2147483647;
			files = (
				B3F9D0931CB93F15006CA960 /* LaunchScreen.storyboard in Resources */,
				B3F9D0901CB93F15006CA960 /* Assets.xcassets in Resources */,
				B3F9D08E1CB93F15006CA960 /* Main.storyboard in Resources */,
			);
			runOnlyForDeploymentPostprocessing = 0;
		};
		B3F9D0971CB93F15006CA960 /* Resources */ = {
			isa = PBXResourcesBuildPhase;
			buildActionMask = 2147483647;
			files = (
			);
			runOnlyForDeploymentPostprocessing = 0;
		};
/* End PBXResourcesBuildPhase section */

/* Begin PBXSourcesBuildPhase section */
		B3F9D0811CB93F15006CA960 /* Sources */ = {
			isa = PBXSourcesBuildPhase;
			buildActionMask = 2147483647;
			files = (
				B3F9D08B1CB93F15006CA960 /* ViewController.swift in Sources */,
				B3F9D0891CB93F15006CA960 /* AppDelegate.swift in Sources */,
			);
			runOnlyForDeploymentPostprocessing = 0;
		};
		B3F9D0951CB93F15006CA960 /* Sources */ = {
			isa = PBXSourcesBuildPhase;
			buildActionMask = 2147483647;
			files = (
				B3F9D09E1CB93F15006CA960 /* ViewControllersDemoTests.swift in Sources */,
			);
			runOnlyForDeploymentPostprocessing = 0;
		};
/* End PBXSourcesBuildPhase section */

/* Begin PBXTargetDependency section */
		B3F9D09B1CB93F15006CA960 /* PBXTargetDependency */ = {
			isa = PBXTargetDependency;
			target = B3F9D0841CB93F15006CA960 /* ViewControllersDemo */;
			targetProxy = B3F9D09A1CB93F15006CA960 /* PBXContainerItemProxy */;
		};
/* End PBXTargetDependency section */

/* Begin PBXVariantGroup section */
		B3F9D08C1CB93F15006CA960 /* Main.storyboard */ = {
			isa = PBXVariantGroup;
			children = (
				B3F9D08D1CB93F15006CA960 /* Base */,
			);
			name = Main.storyboard;
			sourceTree = "<group>";
		};
		B3F9D0911CB93F15006CA960 /* LaunchScreen.storyboard */ = {
			isa = PBXVariantGroup;
			children = (
				B3F9D0921CB93F15006CA960 /* Base */,
			);
			name = LaunchScreen.storyboard;
			sourceTree = "<group>";
		};
/* End PBXVariantGroup section */

/* Begin XCBuildConfiguration section */
		B3F9D0A01CB93F15006CA960 /* Debug */ = {
			isa = XCBuildConfiguration;
			buildSettings = {
				ALWAYS_SEARCH_USER_PATHS = NO;
				CLANG_ANALYZER_NONNULL = YES;
				CLANG_CXX_LANGUAGE_STANDARD = "gnu++0x";
				CLANG_CXX_LIBRARY = "libc++";
				CLANG_ENABLE_MODULES = YES;
				CLANG_ENABLE_OBJC_ARC = YES;
				CLANG_WARN_BOOL_CONVERSION = YES;
				CLANG_WARN_CONSTANT_CONVERSION = YES;
				CLANG_WARN_DIRECT_OBJC_ISA_USAGE = YES_ERROR;
				CLANG_WARN_EMPTY_BODY = YES;
				CLANG_WARN_ENUM_CONVERSION = YES;
				CLANG_WARN_INT_CONVERSION = YES;
				CLANG_WARN_OBJC_ROOT_CLASS = YES_ERROR;
				CLANG_WARN_UNREACHABLE_CODE = YES;
				CLANG_WARN__DUPLICATE_METHOD_MATCH = YES;
				"CODE_SIGN_IDENTITY[sdk=iphoneos*]" = "iPhone Developer";
				COPY_PHASE_STRIP = NO;
				DEBUG_INFORMATION_FORMAT = dwarf;
				ENABLE_STRICT_OBJC_MSGSEND = YES;
				ENABLE_TESTABILITY = YES;
				GCC_C_LANGUAGE_STANDARD = gnu99;
				GCC_DYNAMIC_NO_PIC = NO;
				GCC_NO_COMMON_BLOCKS = YES;
				GCC_OPTIMIZATION_LEVEL = 0;
				GCC_PREPROCESSOR_DEFINITIONS = (
					"DEBUG=1",
					"$(inherited)",
				);
				GCC_WARN_64_TO_32_BIT_CONVERSION = YES;
				GCC_WARN_ABOUT_RETURN_TYPE = YES_ERROR;
				GCC_WARN_UNDECLARED_SELECTOR = YES;
				GCC_WARN_UNINITIALIZED_AUTOS = YES_AGGRESSIVE;
				GCC_WARN_UNUSED_FUNCTION = YES;
				GCC_WARN_UNUSED_VARIABLE = YES;
				IPHONEOS_DEPLOYMENT_TARGET = 9.3;
				MTL_ENABLE_DEBUG_INFO = YES;
				ONLY_ACTIVE_ARCH = YES;
				SDKROOT = iphoneos;
				SWIFT_OPTIMIZATION_LEVEL = "-Onone";
				TARGETED_DEVICE_FAMILY = "1,2";
			};
			name = Debug;
		};
		B3F9D0A11CB93F15006CA960 /* Release */ = {
			isa = XCBuildConfiguration;
			buildSettings = {
				ALWAYS_SEARCH_USER_PATHS = NO;
				CLANG_ANALYZER_NONNULL = YES;
				CLANG_CXX_LANGUAGE_STANDARD = "gnu++0x";
				CLANG_CXX_LIBRARY = "libc++";
				CLANG_ENABLE_MODULES = YES;
				CLANG_ENABLE_OBJC_ARC = YES;
				CLANG_WARN_BOOL_CONVERSION = YES;
				CLANG_WARN_CONSTANT_CONVERSION = YES;
				CLANG_WARN_DIRECT_OBJC_ISA_USAGE = YES_ERROR;
				CLANG_WARN_EMPTY_BODY = YES;
				CLANG_WARN_ENUM_CONVERSION = YES;
				CLANG_WARN_INT_CONVERSION = YES;
				CLANG_WARN_OBJC_ROOT_CLASS = YES_ERROR;
				CLANG_WARN_UNREACHABLE_CODE = YES;
				CLANG_WARN__DUPLICATE_METHOD_MATCH = YES;
				"CODE_SIGN_IDENTITY[sdk=iphoneos*]" = "iPhone Developer";
				COPY_PHASE_STRIP = NO;
				DEBUG_INFORMATION_FORMAT = "dwarf-with-dsym";
				ENABLE_NS_ASSERTIONS = NO;
				ENABLE_STRICT_OBJC_MSGSEND = YES;
				GCC_C_LANGUAGE_STANDARD = gnu99;
				GCC_NO_COMMON_BLOCKS = YES;
				GCC_WARN_64_TO_32_BIT_CONVERSION = YES;
				GCC_WARN_ABOUT_RETURN_TYPE = YES_ERROR;
				GCC_WARN_UNDECLARED_SELECTOR = YES;
				GCC_WARN_UNINITIALIZED_AUTOS = YES_AGGRESSIVE;
				GCC_WARN_UNUSED_FUNCTION = YES;
				GCC_WARN_UNUSED_VARIABLE = YES;
				IPHONEOS_DEPLOYMENT_TARGET = 9.3;
				MTL_ENABLE_DEBUG_INFO = NO;
				SDKROOT = iphoneos;
				TARGETED_DEVICE_FAMILY = "1,2";
				VALIDATE_PRODUCT = YES;
			};
			name = Release;
		};
		B3F9D0A31CB93F15006CA960 /* Debug */ = {
			isa = XCBuildConfiguration;
			buildSettings = {
				ASSETCATALOG_COMPILER_APPICON_NAME = AppIcon;
				INFOPLIST_FILE = ViewControllersDemo/Info.plist;
				LD_RUNPATH_SEARCH_PATHS = "$(inherited) @executable_path/Frameworks";
				PRODUCT_BUNDLE_IDENTIFIER = nullum.eu.ViewControllersDemo;
				PRODUCT_NAME = "$(TARGET_NAME)";
			};
			name = Debug;
		};
		B3F9D0A41CB93F15006CA960 /* Release */ = {
			isa = XCBuildConfiguration;
			buildSettings = {
				ASSETCATALOG_COMPILER_APPICON_NAME = AppIcon;
				INFOPLIST_FILE = ViewControllersDemo/Info.plist;
				LD_RUNPATH_SEARCH_PATHS = "$(inherited) @executable_path/Frameworks";
				PRODUCT_BUNDLE_IDENTIFIER = nullum.eu.ViewControllersDemo;
				PRODUCT_NAME = "$(TARGET_NAME)";
			};
			name = Release;
		};
		B3F9D0A61CB93F15006CA960 /* Debug */ = {
			isa = XCBuildConfiguration;
			buildSettings = {
				BUNDLE_LOADER = "$(TEST_HOST)";
				INFOPLIST_FILE = ViewControllersDemoTests/Info.plist;
				LD_RUNPATH_SEARCH_PATHS = "$(inherited) @executable_path/Frameworks @loader_path/Frameworks";
				PRODUCT_BUNDLE_IDENTIFIER = nullum.eu.ViewControllersDemoTests;
				PRODUCT_NAME = "$(TARGET_NAME)";
				TEST_HOST = "$(BUILT_PRODUCTS_DIR)/ViewControllersDemo.app/ViewControllersDemo";
			};
			name = Debug;
		};
		B3F9D0A71CB93F15006CA960 /* Release */ = {
			isa = XCBuildConfiguration;
			buildSettings = {
				BUNDLE_LOADER = "$(TEST_HOST)";
				INFOPLIST_FILE = ViewControllersDemoTests/Info.plist;
				LD_RUNPATH_SEARCH_PATHS = "$(inherited) @executable_path/Frameworks @loader_path/Frameworks";
				PRODUCT_BUNDLE_IDENTIFIER = nullum.eu.ViewControllersDemoTests;
				PRODUCT_NAME = "$(TARGET_NAME)";
				TEST_HOST = "$(BUILT_PRODUCTS_DIR)/ViewControllersDemo.app/ViewControllersDemo";
			};
			name = Release;
		};
/* End XCBuildConfiguration section */

/* Begin XCConfigurationList section */
		B3F9D0801CB93F15006CA960 /* Build configuration list for PBXProject "ViewControllersDemo" */ = {
			isa = XCConfigurationList;
			buildConfigurations = (
				B3F9D0A01CB93F15006CA960 /* Debug */,
				B3F9D0A11CB93F15006CA960 /* Release */,
			);
			defaultConfigurationIsVisible = 0;
			defaultConfigurationName = Release;
		};
		B3F9D0A21CB93F15006CA960 /* Build configuration list for PBXNativeTarget "ViewControllersDemo" */ = {
			isa = XCConfigurationList;
			buildConfigurations = (
				B3F9D0A31CB93F15006CA960 /* Debug */,
				B3F9D0A41CB93F15006CA960 /* Release */,
			);
			defaultConfigurationIsVisible = 0;
		};
		B3F9D0A51CB93F15006CA960 /* Build configuration list for PBXNativeTarget "ViewControllersDemoTests" */ = {
			isa = XCConfigurationList;
			buildConfigurations = (
				B3F9D0A61CB93F15006CA960 /* Debug */,
				B3F9D0A71CB93F15006CA960 /* Release */,
			);
			defaultConfigurationIsVisible = 0;
		};
/* End XCConfigurationList section */
	};
	rootObject = B3F9D07D1CB93F15006CA960 /* Project object */;
}
